github.com/Tylores/sep-models v0.0.0-20240106202043-b1519824e8de h1:cIKG/KOfnAau5RrmjK1qRVajuAuxBR/iSIU4OTcD7BA=
github.com/Tylores/sep-models v0.0.0-20240106202043-b1519824e8de/go.mod h1:yhkLZ8gWTzR7dC2BVcjbjoV0iVyjkRF9ridzZeRF/Es=
github.com/terminalstatic/go-xsd-validate v0.1.5 h1:RqpJnf6HGE2CB/lZB1A8BYguk8uRtcvYAPLCF15qguo=
github.com/terminalstatic/go-xsd-validate v0.1.5/go.mod h1:18lsvYFofBflqCrvo1umpABZ99+GneNTw2kEEc8UPJw=
